{
  "requires": true,
  "lockfileVersion": 1,
  "dependencies": {
    "@types/node": {
      "version": "10.12.19",
      "resolved": "https://registry.npmjs.org/@types/node/-/node-10.12.19.tgz",
      "integrity": "sha512-2NVovndCjJQj6fUUn9jCgpP4WSqr+u1SoUZMZyJkhGeBFsm6dE46l31S7lPUYt9uQ28XI+ibrJA1f5XyH5HNtA=="
    }
  }
}
